// !$*UTF8*$!
{
	archiveVersion = 1;
	classes = {
	};
	objectVersion = 50;
	objects = {

/* Begin PBXBuildFile section */
		A7FB8C432324D51F00481972 /* AppDelegate.swift in Sources */ = {isa = PBXBuildFile; fileRef = A7FB8C422324D51F00481972 /* AppDelegate.swift */; };
		A7FB8C452324D51F00481972 /* art.scnassets in Resources */ = {isa = PBXBuildFile; fileRef = A7FB8C442324D51F00481972 /* art.scnassets */; };
		A7FB8C472324D51F00481972 /* ViewController.swift in Sources */ = {isa = PBXBuildFile; fileRef = A7FB8C462324D51F00481972 /* ViewController.swift */; };
		A7FB8C4A2324D51F00481972 /* Main.storyboard in Resources */ = {isa = PBXBuildFile; fileRef = A7FB8C482324D51F00481972 /* Main.storyboard */; };
		A7FB8C4C2324D52100481972 /* Assets.xcassets in Resources */ = {isa = PBXBuildFile; fileRef = A7FB8C4B2324D52100481972 /* Assets.xcassets */; };
		A7FB8C4F2324D52100481972 /* LaunchScreen.storyboard in Resources */ = {isa = PBXBuildFile; fileRef = A7FB8C4D2324D52100481972 /* LaunchScreen.storyboard */; };
		A7FB8C5A2324D52100481972 /* MyIosPetTests.swift in Sources */ = {isa = PBXBuildFile; fileRef = A7FB8C592324D52100481972 /* MyIosPetTests.swift */; };
		A7FB8C652324D52100481972 /* MyIosPetUITests.swift in Sources */ = {isa = PBXBuildFile; fileRef = A7FB8C642324D52100481972 /* MyIosPetUITests.swift */; };
/* End PBXBuildFile section */

/* Begin PBXContainerItemProxy section */
		A7FB8C562324D52100481972 /* PBXContainerItemProxy */ = {
			isa = PBXContainerItemProxy;
			containerPortal = A7FB8C372324D51E00481972 /* Project object */;
			proxyType = 1;
			remoteGlobalIDString = A7FB8C3E2324D51F00481972;
			remoteInfo = MyIosPet;
		};
		A7FB8C612324D52100481972 /* PBXContainerItemProxy */ = {
			isa = PBXContainerItemProxy;
			containerPortal = A7FB8C372324D51E00481972 /* Project object */;
			proxyType = 1;
			remoteGlobalIDString = A7FB8C3E2324D51F00481972;
			remoteInfo = MyIosPet;
		};
/* End PBXContainerItemProxy section */

/* Begin PBXFileReference section */
		A7FB8C3F2324D51F00481972 /* MyIosPet.app */ = {isa = PBXFileReference; explicitFileType = wrapper.application; includeInIndex = 0; path = MyIosPet.app; sourceTree = BUILT_PRODUCTS_DIR; };
		A7FB8C422324D51F00481972 /* AppDelegate.swift */ = {isa = PBXFileReference; lastKnownFileType = sourcecode.swift; path = AppDelegate.swift; sourceTree = "<group>"; };
		A7FB8C442324D51F00481972 /* art.scnassets */ = {isa = PBXFileReference; lastKnownFileType = wrapper.scnassets; path = art.scnassets; sourceTree = "<group>"; };
		A7FB8C462324D51F00481972 /* ViewController.swift */ = {isa = PBXFileReference; lastKnownFileType = sourcecode.swift; path = ViewController.swift; sourceTree = "<group>"; };
		A7FB8C492324D51F00481972 /* Base */ = {isa = PBXFileReference; lastKnownFileType = file.storyboard; name = Base; path = Base.lproj/Main.storyboard; sourceTree = "<group>"; };
		A7FB8C4B2324D52100481972 /* Assets.xcassets */ = {isa = PBXFileReference; lastKnownFileType = folder.assetcatalog; path = Assets.xcassets; sourceTree = "<group>"; };
		A7FB8C4E2324D52100481972 /* Base */ = {isa = PBXFileReference; lastKnownFileType = file.storyboard; name = Base; path = Base.lproj/LaunchScreen.storyboard; sourceTree = "<group>"; };
		A7FB8C502324D52100481972 /* Info.plist */ = {isa = PBXFileReference; lastKnownFileType = text.plist.xml; path = Info.plist; sourceTree = "<group>"; };
		A7FB8C552324D52100481972 /* MyIosPetTests.xctest */ = {isa = PBXFileReference; explicitFileType = wrapper.cfbundle; includeInIndex = 0; path = MyIosPetTests.xctest; sourceTree = BUILT_PRODUCTS_DIR; };
		A7FB8C592324D52100481972 /* MyIosPetTests.swift */ = {isa = PBXFileReference; lastKnownFileType = sourcecode.swift; path = MyIosPetTests.swift; sourceTree = "<group>"; };
		A7FB8C5B2324D52100481972 /* Info.plist */ = {isa = PBXFileReference; lastKnownFileType = text.plist.xml; path = Info.plist; sourceTree = "<group>"; };
		A7FB8C602324D52100481972 /* MyIosPetUITests.xctest */ = {isa = PBXFileReference; explicitFileType = wrapper.cfbundle; includeInIndex = 0; path = MyIosPetUITests.xctest; sourceTree = BUILT_PRODUCTS_DIR; };
		A7FB8C642324D52100481972 /* MyIosPetUITests.swift */ = {isa = PBXFileReference; lastKnownFileType = sourcecode.swift; path = MyIosPetUITests.swift; sourceTree = "<group>"; };
		A7FB8C662324D52100481972 /* Info.plist */ = {isa = PBXFileReference; lastKnownFileType = text.plist.xml; path = Info.plist; sourceTree = "<group>"; };
/* End PBXFileReference section */

/* Begin PBXFrameworksBuildPhase section */
		A7FB8C3C2324D51F00481972 /* Frameworks */ = {
			isa = PBXFrameworksBuildPhase;
			buildActionMask = 2147483647;
			files = (
			);
			runOnlyForDeploymentPostprocessing = 0;
		};
		A7FB8C522324D52100481972 /* Frameworks */ = {
			isa = PBXFrameworksBuildPhase;
			buildActionMask = 2147483647;
			files = (
			);
			runOnlyForDeploymentPostprocessing = 0;
		};
		A7FB8C5D2324D52100481972 /* Frameworks */ = {
			isa = PBXFrameworksBuildPhase;
			buildActionMask = 2147483647;
			files = (
			);
			runOnlyForDeploymentPostprocessing = 0;
		};
/* End PBXFrameworksBuildPhase section */

/* Begin PBXGroup section */
		A7FB8C362324D51E00481972 = {
			isa = PBXGroup;
			children = (
				A7FB8C412324D51F00481972 /* MyIosPet */,
				A7FB8C582324D52100481972 /* MyIosPetTests */,
				A7FB8C632324D52100481972 /* MyIosPetUITests */,
				A7FB8C402324D51F00481972 /* Products */,
			);
			sourceTree = "<group>";
		};
		A7FB8C402324D51F00481972 /* Products */ = {
			isa = PBXGroup;
			children = (
				A7FB8C3F2324D51F00481972 /* MyIosPet.app */,
				A7FB8C552324D52100481972 /* MyIosPetTests.xctest */,
				A7FB8C602324D52100481972 /* MyIosPetUITests.xctest */,
			);
			name = Products;
			sourceTree = "<group>";
		};
		A7FB8C412324D51F00481972 /* MyIosPet */ = {
			isa = PBXGroup;
			children = (
				A7FB8C422324D51F00481972 /* AppDelegate.swift */,
				A7FB8C442324D51F00481972 /* art.scnassets */,
				A7FB8C462324D51F00481972 /* ViewController.swift */,
				A7FB8C482324D51F00481972 /* Main.storyboard */,
				A7FB8C4B2324D52100481972 /* Assets.xcassets */,
				A7FB8C4D2324D52100481972 /* LaunchScreen.storyboard */,
				A7FB8C502324D52100481972 /* Info.plist */,
			);
			path = MyIosPet;
			sourceTree = "<group>";
		};
		A7FB8C582324D52100481972 /* MyIosPetTests */ = {
			isa = PBXGroup;
			children = (
				A7FB8C592324D52100481972 /* MyIosPetTests.swift */,
				A7FB8C5B2324D52100481972 /* Info.plist */,
			);
			path = MyIosPetTests;
			sourceTree = "<group>";
		};
		A7FB8C632324D52100481972 /* MyIosPetUITests */ = {
			isa = PBXGroup;
			children = (
				A7FB8C642324D52100481972 /* MyIosPetUITests.swift */,
				A7FB8C662324D52100481972 /* Info.plist */,
			);
			path = MyIosPetUITests;
			sourceTree = "<group>";
		};
/* End PBXGroup section */

/* Begin PBXNativeTarget section */
		A7FB8C3E2324D51F00481972 /* MyIosPet */ = {
			isa = PBXNativeTarget;
			buildConfigurationList = A7FB8C692324D52100481972 /* Build configuration list for PBXNativeTarget "MyIosPet" */;
			buildPhases = (
				A7FB8C3B2324D51F00481972 /* Sources */,
				A7FB8C3C2324D51F00481972 /* Frameworks */,
				A7FB8C3D2324D51F00481972 /* Resources */,
			);
			buildRules = (
			);
			dependencies = (
			);
			name = MyIosPet;
			productName = MyIosPet;
			productReference = A7FB8C3F2324D51F00481972 /* MyIosPet.app */;
			productType = "com.apple.product-type.application";
		};
		A7FB8C542324D52100481972 /* MyIosPetTests */ = {
			isa = PBXNativeTarget;
			buildConfigurationList = A7FB8C6C2324D52100481972 /* Build configuration list for PBXNativeTarget "MyIosPetTests" */;
			buildPhases = (
				A7FB8C512324D52100481972 /* Sources */,
				A7FB8C522324D52100481972 /* Frameworks */,
				A7FB8C532324D52100481972 /* Resources */,
			);
			buildRules = (
			);
			dependencies = (
				A7FB8C572324D52100481972 /* PBXTargetDependency */,
			);
			name = MyIosPetTests;
			productName = MyIosPetTests;
			productReference = A7FB8C552324D52100481972 /* MyIosPetTests.xctest */;
			productType = "com.apple.product-type.bundle.unit-test";
		};
		A7FB8C5F2324D52100481972 /* MyIosPetUITests */ = {
			isa = PBXNativeTarget;
			buildConfigurationList = A7FB8C6F2324D52100481972 /* Build configuration list for PBXNativeTarget "MyIosPetUITests" */;
			buildPhases = (
				A7FB8C5C2324D52100481972 /* Sources */,
				A7FB8C5D2324D52100481972 /* Frameworks */,
				A7FB8C5E2324D52100481972 /* Resources */,
			);
			buildRules = (
			);
			dependencies = (
				A7FB8C622324D52100481972 /* PBXTargetDependency */,
			);
			name = MyIosPetUITests;
			productName = MyIosPetUITests;
			productReference = A7FB8C602324D52100481972 /* MyIosPetUITests.xctest */;
			productType = "com.apple.product-type.bundle.ui-testing";
		};
/* End PBXNativeTarget section */

/* Begin PBXProject section */
		A7FB8C372324D51E00481972 /* Project object */ = {
			isa = PBXProject;
			attributes = {
				LastSwiftUpdateCheck = 1020;
				LastUpgradeCheck = 1020;
				ORGANIZATIONNAME = "Danner Op., LLC";
				TargetAttributes = {
					A7FB8C3E2324D51F00481972 = {
						CreatedOnToolsVersion = 10.2.1;
					};
					A7FB8C542324D52100481972 = {
						CreatedOnToolsVersion = 10.2.1;
						TestTargetID = A7FB8C3E2324D51F00481972;
					};
					A7FB8C5F2324D52100481972 = {
						CreatedOnToolsVersion = 10.2.1;
						TestTargetID = A7FB8C3E2324D51F00481972;
					};
				};
			};
			buildConfigurationList = A7FB8C3A2324D51E00481972 /* Build configuration list for PBXProject "MyIosPet" */;
			compatibilityVersion = "Xcode 9.3";
			developmentRegion = en;
			hasScannedForEncodings = 0;
			knownRegions = (
				en,
				Base,
			);
			mainGroup = A7FB8C362324D51E00481972;
			productRefGroup = A7FB8C402324D51F00481972 /* Products */;
			projectDirPath = "";
			projectRoot = "";
			targets = (
				A7FB8C3E2324D51F00481972 /* MyIosPet */,
				A7FB8C542324D52100481972 /* MyIosPetTests */,
				A7FB8C5F2324D52100481972 /* MyIosPetUITests */,
			);
		};
/* End PBXProject section */

/* Begin PBXResourcesBuildPhase section */
		A7FB8C3D2324D51F00481972 /* Resources */ = {
			isa = PBXResourcesBuildPhase;
			buildActionMask = 2147483647;
			files = (
				A7FB8C452324D51F00481972 /* art.scnassets in Resources */,
				A7FB8C4F2324D52100481972 /* LaunchScreen.storyboard in Resources */,
				A7FB8C4C2324D52100481972 /* Assets.xcassets in Resources */,
				A7FB8C4A2324D51F00481972 /* Main.storyboard in Resources */,
			);
			runOnlyForDeploymentPostprocessing = 0;
		};
		A7FB8C532324D52100481972 /* Resources */ = {
			isa = PBXResourcesBuildPhase;
			buildActionMask = 2147483647;
			files = (
			);
			runOnlyForDeploymentPostprocessing = 0;
		};
		A7FB8C5E2324D52100481972 /* Resources */ = {
			isa = PBXResourcesBuildPhase;
			buildActionMask = 2147483647;
			files = (
			);
			runOnlyForDeploymentPostprocessing = 0;
		};
/* End PBXResourcesBuildPhase section */

/* Begin PBXSourcesBuildPhase section */
		A7FB8C3B2324D51F00481972 /* Sources */ = {
			isa = PBXSourcesBuildPhase;
			buildActionMask = 2147483647;
			files = (
				A7FB8C472324D51F00481972 /* ViewController.swift in Sources */,
				A7FB8C432324D51F00481972 /* AppDelegate.swift in Sources */,
			);
			runOnlyForDeploymentPostprocessing = 0;
		};
		A7FB8C512324D52100481972 /* Sources */ = {
			isa = PBXSourcesBuildPhase;
			buildActionMask = 2147483647;
			files = (
				A7FB8C5A2324D52100481972 /* MyIosPetTests.swift in Sources */,
			);
			runOnlyForDeploymentPostprocessing = 0;
		};
		A7FB8C5C2324D52100481972 /* Sources */ = {
			isa = PBXSourcesBuildPhase;
			buildActionMask = 2147483647;
			files = (
				A7FB8C652324D52100481972 /* MyIosPetUITests.swift in Sources */,
			);
			runOnlyForDeploymentPostprocessing = 0;
		};
/* End PBXSourcesBuildPhase section */

/* Begin PBXTargetDependency section */
		A7FB8C572324D52100481972 /* PBXTargetDependency */ = {
			isa = PBXTargetDependency;
			target = A7FB8C3E2324D51F00481972 /* MyIosPet */;
			targetProxy = A7FB8C562324D52100481972 /* PBXContainerItemProxy */;
		};
		A7FB8C622324D52100481972 /* PBXTargetDependency */ = {
			isa = PBXTargetDependency;
			target = A7FB8C3E2324D51F00481972 /* MyIosPet */;
			targetProxy = A7FB8C612324D52100481972 /* PBXContainerItemProxy */;
		};
/* End PBXTargetDependency section */

/* Begin PBXVariantGroup section */
		A7FB8C482324D51F00481972 /* Main.storyboard */ = {
			isa = PBXVariantGroup;
			children = (
				A7FB8C492324D51F00481972 /* Base */,
			);
			name = Main.storyboard;
			sourceTree = "<group>";
		};
		A7FB8C4D2324D52100481972 /* LaunchScreen.storyboard */ = {
			isa = PBXVariantGroup;
			children = (
				A7FB8C4E2324D52100481972 /* Base */,
			);
			name = LaunchScreen.storyboard;
			sourceTree = "<group>";
		};
/* End PBXVariantGroup section */

/* Begin XCBuildConfiguration section */
		A7FB8C672324D52100481972 /* Debug */ = {
			isa = XCBuildConfiguration;
			buildSettings = {
				ALWAYS_SEARCH_USER_PATHS = NO;
				CLANG_ANALYZER_NONNULL = YES;
				CLANG_ANALYZER_NUMBER_OBJECT_CONVERSION = YES_AGGRESSIVE;
				CLANG_CXX_LANGUAGE_STANDARD = "gnu++14";
				CLANG_CXX_LIBRARY = "libc++";
				CLANG_ENABLE_MODULES = YES;
				CLANG_ENABLE_OBJC_ARC = YES;
				CLANG_ENABLE_OBJC_WEAK = YES;
				CLANG_WARN_BLOCK_CAPTURE_AUTORELEASING = YES;
				CLANG_WARN_BOOL_CONVERSION = YES;
				CLANG_WARN_COMMA = YES;
				CLANG_WARN_CONSTANT_CONVERSION = YES;
				CLANG_WARN_DEPRECATED_OBJC_IMPLEMENTATIONS = YES;
				CLANG_WARN_DIRECT_OBJC_ISA_USAGE = YES_ERROR;
				CLANG_WARN_DOCUMENTATION_COMMENTS = YES;
				CLANG_WARN_EMPTY_BODY = YES;
				CLANG_WARN_ENUM_CONVERSION = YES;
				CLANG_WARN_INFINITE_RECURSION = YES;
				CLANG_WARN_INT_CONVERSION = YES;
				CLANG_WARN_NON_LITERAL_NULL_CONVERSION = YES;
				CLANG_WARN_OBJC_IMPLICIT_RETAIN_SELF = YES;
				CLANG_WARN_OBJC_LITERAL_CONVERSION = YES;
				CLANG_WARN_OBJC_ROOT_CLASS = YES_ERROR;
				CLANG_WARN_RANGE_LOOP_ANALYSIS = YES;
				CLANG_WARN_STRICT_PROTOTYPES = YES;
				CLANG_WARN_SUSPICIOUS_MOVE = YES;
				CLANG_WARN_UNGUARDED_AVAILABILITY = YES_AGGRESSIVE;
				CLANG_WARN_UNREACHABLE_CODE = YES;
				CLANG_WARN__DUPLICATE_METHOD_MATCH = YES;
				CODE_SIGN_IDENTITY = "iPhone Developer";
				COPY_PHASE_STRIP = NO;
				DEBUG_INFORMATION_FORMAT = dwarf;
				ENABLE_STRICT_OBJC_MSGSEND = YES;
				ENABLE_TESTABILITY = YES;
				GCC_C_LANGUAGE_STANDARD = gnu11;
				GCC_DYNAMIC_NO_PIC = NO;
				GCC_NO_COMMON_BLOCKS = YES;
				GCC_OPTIMIZATION_LEVEL = 0;
				GCC_PREPROCESSOR_DEFINITIONS = (
					"DEBUG=1",
					"$(inherited)",
				);
				GCC_WARN_64_TO_32_BIT_CONVERSION = YES;
				GCC_WARN_ABOUT_RETURN_TYPE = YES_ERROR;
				GCC_WARN_UNDECLARED_SELECTOR = YES;
				GCC_WARN_UNINITIALIZED_AUTOS = YES_AGGRESSIVE;
				GCC_WARN_UNUSED_FUNCTION = YES;
				GCC_WARN_UNUSED_VARIABLE = YES;
				IPHONEOS_DEPLOYMENT_TARGET = 12.2;
				MTL_ENABLE_DEBUG_INFO = INCLUDE_SOURCE;
				MTL_FAST_MATH = YES;
				ONLY_ACTIVE_ARCH = YES;
				SDKROOT = iphoneos;
				SWIFT_ACTIVE_COMPILATION_CONDITIONS = DEBUG;
				SWIFT_OPTIMIZATION_LEVEL = "-Onone";
			};
			name = Debug;
		};
		A7FB8C682324D52100481972 /* Release */ = {
			isa = XCBuildConfiguration;
			buildSettings = {
				ALWAYS_SEARCH_USER_PATHS = NO;
				CLANG_ANALYZER_NONNULL = YES;
				CLANG_ANALYZER_NUMBER_OBJECT_CONVERSION = YES_AGGRESSIVE;
				CLANG_CXX_LANGUAGE_STANDARD = "gnu++14";
				CLANG_CXX_LIBRARY = "libc++";
				CLANG_ENABLE_MODULES = YES;
				CLANG_ENABLE_OBJC_ARC = YES;
				CLANG_ENABLE_OBJC_WEAK = YES;
				CLANG_WARN_BLOCK_CAPTURE_AUTORELEASING = YES;
				CLANG_WARN_BOOL_CONVERSION = YES;
				CLANG_WARN_COMMA = YES;
				CLANG_WARN_CONSTANT_CONVERSION = YES;
				CLANG_WARN_DEPRECATED_OBJC_IMPLEMENTATIONS = YES;
				CLANG_WARN_DIRECT_OBJC_ISA_USAGE = YES_ERROR;
				CLANG_WARN_DOCUMENTATION_COMMENTS = YES;
				CLANG_WARN_EMPTY_BODY = YES;
				CLANG_WARN_ENUM_CONVERSION = YES;
				CLANG_WARN_INFINITE_RECURSION = YES;
				CLANG_WARN_INT_CONVERSION = YES;
				CLANG_WARN_NON_LITERAL_NULL_CONVERSION = YES;
				CLANG_WARN_OBJC_IMPLICIT_RETAIN_SELF = YES;
				CLANG_WARN_OBJC_LITERAL_CONVERSION = YES;
				CLANG_WARN_OBJC_ROOT_CLASS = YES_ERROR;
				CLANG_WARN_RANGE_LOOP_ANALYSIS = YES;
				CLANG_WARN_STRICT_PROTOTYPES = YES;
				CLANG_WARN_SUSPICIOUS_MOVE = YES;
				CLANG_WARN_UNGUARDED_AVAILABILITY = YES_AGGRESSIVE;
				CLANG_WARN_UNREACHABLE_CODE = YES;
				CLANG_WARN__DUPLICATE_METHOD_MATCH = YES;
				CODE_SIGN_IDENTITY = "iPhone Developer";
				COPY_PHASE_STRIP = NO;
				DEBUG_INFORMATION_FORMAT = "dwarf-with-dsym";
				ENABLE_NS_ASSERTIONS = NO;
				ENABLE_STRICT_OBJC_MSGSEND = YES;
				GCC_C_LANGUAGE_STANDARD = gnu11;
				GCC_NO_COMMON_BLOCKS = YES;
				GCC_WARN_64_TO_32_BIT_CONVERSION = YES;
				GCC_WARN_ABOUT_RETURN_TYPE = YES_ERROR;
				GCC_WARN_UNDECLARED_SELECTOR = YES;
				GCC_WARN_UNINITIALIZED_AUTOS = YES_AGGRESSIVE;
				GCC_WARN_UNUSED_FUNCTION = YES;
				GCC_WARN_UNUSED_VARIABLE = YES;
				IPHONEOS_DEPLOYMENT_TARGET = 12.2;
				MTL_ENABLE_DEBUG_INFO = NO;
				MTL_FAST_MATH = YES;
				SDKROOT = iphoneos;
				SWIFT_COMPILATION_MODE = wholemodule;
				SWIFT_OPTIMIZATION_LEVEL = "-O";
				VALIDATE_PRODUCT = YES;
			};
			name = Release;
		};
		A7FB8C6A2324D52100481972 /* Debug */ = {
			isa = XCBuildConfiguration;
			buildSettings = {
				ASSETCATALOG_COMPILER_APPICON_NAME = AppIcon;
				CODE_SIGN_STYLE = Automatic;
				DEVELOPMENT_TEAM = 8567B7Q6H6;
				INFOPLIST_FILE = MyIosPet/Info.plist;
				LD_RUNPATH_SEARCH_PATHS = (
					"$(inherited)",
					"@executable_path/Frameworks",
				);
				PRODUCT_BUNDLE_IDENTIFIER = DannerOp.MyIosPet;
				PRODUCT_NAME = "$(TARGET_NAME)";
				SWIFT_VERSION = 5.0;
				TARGETED_DEVICE_FAMILY = "1,2";
			};
			name = Debug;
		};
		A7FB8C6B2324D52100481972 /* Release */ = {
			isa = XCBuildConfiguration;
			buildSettings = {
				ASSETCATALOG_COMPILER_APPICON_NAME = AppIcon;
				CODE_SIGN_STYLE = Automatic;
				DEVELOPMENT_TEAM = 8567B7Q6H6;
				INFOPLIST_FILE = MyIosPet/Info.plist;
				LD_RUNPATH_SEARCH_PATHS = (
					"$(inherited)",
					"@executable_path/Frameworks",
				);
				PRODUCT_BUNDLE_IDENTIFIER = DannerOp.MyIosPet;
				PRODUCT_NAME = "$(TARGET_NAME)";
				SWIFT_VERSION = 5.0;
				TARGETED_DEVICE_FAMILY = "1,2";
			};
			name = Release;
		};
		A7FB8C6D2324D52100481972 /* Debug */ = {
			isa = XCBuildConfiguration;
			buildSettings = {
				ALWAYS_EMBED_SWIFT_STANDARD_LIBRARIES = YES;
				BUNDLE_LOADER = "$(TEST_HOST)";
				CODE_SIGN_STYLE = Automatic;
				DEVELOPMENT_TEAM = 8567B7Q6H6;
				INFOPLIST_FILE = MyIosPetTests/Info.plist;
				LD_RUNPATH_SEARCH_PATHS = (
					"$(inherited)",
					"@executable_path/Frameworks",
					"@loader_path/Frameworks",
				);
				PRODUCT_BUNDLE_IDENTIFIER = DannerOp.MyIosPetTests;
				PRODUCT_NAME = "$(TARGET_NAME)";
				SWIFT_VERSION = 5.0;
				TARGETED_DEVICE_FAMILY = "1,2";
				TEST_HOST = "$(BUILT_PRODUCTS_DIR)/MyIosPet.app/MyIosPet";
			};
			name = Debug;
		};
		A7FB8C6E2324D52100481972 /* Release */ = {
			isa = XCBuildConfiguration;
			buildSettings = {
				ALWAYS_EMBED_SWIFT_STANDARD_LIBRARIES = YES;
				BUNDLE_LOADER = "$(TEST_HOST)";
				CODE_SIGN_STYLE = Automatic;
				DEVELOPMENT_TEAM = 8567B7Q6H6;
				INFOPLIST_FILE = MyIosPetTests/Info.plist;
				LD_RUNPATH_SEARCH_PATHS = (
					"$(inherited)",
					"@executable_path/Frameworks",
					"@loader_path/Frameworks",
				);
				PRODUCT_BUNDLE_IDENTIFIER = DannerOp.MyIosPetTests;
				PRODUCT_NAME = "$(TARGET_NAME)";
				SWIFT_VERSION = 5.0;
				TARGETED_DEVICE_FAMILY = "1,2";
				TEST_HOST = "$(BUILT_PRODUCTS_DIR)/MyIosPet.app/MyIosPet";
			};
			name = Release;
		};
		A7FB8C702324D52100481972 /* Debug */ = {
			isa = XCBuildConfiguration;
			buildSettings = {
				ALWAYS_EMBED_SWIFT_STANDARD_LIBRARIES = YES;
				CODE_SIGN_STYLE = Automatic;
				DEVELOPMENT_TEAM = 8567B7Q6H6;
				INFOPLIST_FILE = MyIosPetUITests/Info.plist;
				LD_RUNPATH_SEARCH_PATHS = (
					"$(inherited)",
					"@executable_path/Frameworks",
					"@loader_path/Frameworks",
				);
				PRODUCT_BUNDLE_IDENTIFIER = DannerOp.MyIosPetUITests;
				PRODUCT_NAME = "$(TARGET_NAME)";
				SWIFT_VERSION = 5.0;
				TARGETED_DEVICE_FAMILY = "1,2";
				TEST_TARGET_NAME = MyIosPet;
			};
			name = Debug;
		};
		A7FB8C712324D52100481972 /* Release */ = {
			isa = XCBuildConfiguration;
			buildSettings = {
				ALWAYS_EMBED_SWIFT_STANDARD_LIBRARIES = YES;
				CODE_SIGN_STYLE = Automatic;
				DEVELOPMENT_TEAM = 8567B7Q6H6;
				INFOPLIST_FILE = MyIosPetUITests/Info.plist;
				LD_RUNPATH_SEARCH_PATHS = (
					"$(inherited)",
					"@executable_path/Frameworks",
					"@loader_path/Frameworks",
				);
				PRODUCT_BUNDLE_IDENTIFIER = DannerOp.MyIosPetUITests;
				PRODUCT_NAME = "$(TARGET_NAME)";
				SWIFT_VERSION = 5.0;
				TARGETED_DEVICE_FAMILY = "1,2";
				TEST_TARGET_NAME = MyIosPet;
			};
			name = Release;
		};
/* End XCBuildConfiguration section */

/* Begin XCConfigurationList section */
		A7FB8C3A2324D51E00481972 /* Build configuration list for PBXProject "MyIosPet" */ = {
			isa = XCConfigurationList;
			buildConfigurations = (
				A7FB8C672324D52100481972 /* Debug */,
				A7FB8C682324D52100481972 /* Release */,
			);
			defaultConfigurationIsVisible = 0;
			defaultConfigurationName = Release;
		};
		A7FB8C692324D52100481972 /* Build configuration list for PBXNativeTarget "MyIosPet" */ = {
			isa = XCConfigurationList;
			buildConfigurations = (
				A7FB8C6A2324D52100481972 /* Debug */,
				A7FB8C6B2324D52100481972 /* Release */,
			);
			defaultConfigurationIsVisible = 0;
			defaultConfigurationName = Release;
		};
		A7FB8C6C2324D52100481972 /* Build configuration list for PBXNativeTarget "MyIosPetTests" */ = {
			isa = XCConfigurationList;
			buildConfigurations = (
				A7FB8C6D2324D52100481972 /* Debug */,
				A7FB8C6E2324D52100481972 /* Release */,
			);
			defaultConfigurationIsVisible = 0;
			defaultConfigurationName = Release;
		};
		A7FB8C6F2324D52100481972 /* Build configuration list for PBXNativeTarget "MyIosPetUITests" */ = {
			isa = XCConfigurationList;
			buildConfigurations = (
				A7FB8C702324D52100481972 /* Debug */,
				A7FB8C712324D52100481972 /* Release */,
			);
			defaultConfigurationIsVisible = 0;
			defaultConfigurationName = Release;
		};
/* End XCConfigurationList section */
	};
	rootObject = A7FB8C372324D51E00481972 /* Project object */;
}
